
Microsoft Visual Studio Solution File, Format Version 12.00
# Visual Studio Version 17
VisualStudioVersion = 17.3.32825.248
MinimumVisualStudioVersion = 10.0.40219.1
Project("{FAE04EC0-301F-11D3-BF4B-00C04F79EFBC}") = "projAutomoveis", "projAutomoveis\projAutomoveis.csproj", "{A40DC49F-F684-4BC1-B50F-AADA66FA5D21}"
EndProject
Global
	GlobalSection(SolutionConfigurationPlatforms) = preSolution
		Debug|Any CPU = Debug|Any CPU
		Release|Any CPU = Release|Any CPU
	EndGlobalSection
	GlobalSection(ProjectConfigurationPlatforms) = postSolution
		{A40DC49F-F684-4BC1-B50F-AADA66FA5D21}.Debug|Any CPU.ActiveCfg = Debug|Any CPU
		{A40DC49F-F684-4BC1-B50F-AADA66FA5D21}.Debug|Any CPU.Build.0 = Debug|Any CPU
		{A40DC49F-F684-4BC1-B50F-AADA66FA5D21}.Release|Any CPU.ActiveCfg = Release|Any CPU
		{A40DC49F-F684-4BC1-B50F-AADA66FA5D21}.Release|Any CPU.Build.0 = Release|Any CPU
	EndGlobalSection
	GlobalSection(SolutionProperties) = preSolution
		HideSolutionNode = FALSE
	EndGlobalSection
	GlobalSection(ExtensibilityGlobals) = postSolution
		SolutionGuid = {FD9A07E1-0B5B-41B9-820D-993A38B4B521}
	EndGlobalSection
EndGlobal
